
Microsoft Visual Studio Solution File, Format Version 12.00
# Visual Studio Version 17
VisualStudioVersion = 17.8.34330.188
MinimumVisualStudioVersion = 10.0.40219.1
Project("{9A19103F-16F7-4668-BE54-9A1E7A4F7556}") = "RezioxAPIs", "RezioxAPIs.csproj", "{1D68D328-EBFB-45A9-86CF-5D713C57FEDE}"
EndProject
Project("{9A19103F-16F7-4668-BE54-9A1E7A4F7556}") = "DataAccess", "..\DataAccess\DataAccess.csproj", "{037D5449-194B-4754-B5A0-982F6F34BD91}"
EndProject
Project("{9A19103F-16F7-4668-BE54-9A1E7A4F7556}") = "Model", "..\Model\Model.csproj", "{8CCF15F4-7E96-4C69-8C81-31E7CAB3EBB8}"
EndProject
Project("{9A19103F-16F7-4668-BE54-9A1E7A4F7556}") = "AdminPanel", "..\..\AdminPanel\AdminPanel.csproj", "{39907B36-E2D2-4454-B2B8-F4BDE23CA6FD}"
EndProject
Global
	GlobalSection(SolutionConfigurationPlatforms) = preSolution
		Debug|Any CPU = Debug|Any CPU
		Release|Any CPU = Release|Any CPU
	EndGlobalSection
	GlobalSection(ProjectConfigurationPlatforms) = postSolution
		{1D68D328-EBFB-45A9-86CF-5D713C57FEDE}.Debug|Any CPU.ActiveCfg = Debug|Any CPU
		{1D68D328-EBFB-45A9-86CF-5D713C57FEDE}.Debug|Any CPU.Build.0 = Debug|Any CPU
		{1D68D328-EBFB-45A9-86CF-5D713C57FEDE}.Release|Any CPU.ActiveCfg = Release|Any CPU
		{1D68D328-EBFB-45A9-86CF-5D713C57FEDE}.Release|Any CPU.Build.0 = Release|Any CPU
		{037D5449-194B-4754-B5A0-982F6F34BD91}.Debug|Any CPU.ActiveCfg = Debug|Any CPU
		{037D5449-194B-4754-B5A0-982F6F34BD91}.Debug|Any CPU.Build.0 = Debug|Any CPU
		{037D5449-194B-4754-B5A0-982F6F34BD91}.Release|Any CPU.ActiveCfg = Release|Any CPU
		{037D5449-194B-4754-B5A0-982F6F34BD91}.Release|Any CPU.Build.0 = Release|Any CPU
		{8CCF15F4-7E96-4C69-8C81-31E7CAB3EBB8}.Debug|Any CPU.ActiveCfg = Debug|Any CPU
		{8CCF15F4-7E96-4C69-8C81-31E7CAB3EBB8}.Debug|Any CPU.Build.0 = Debug|Any CPU
		{8CCF15F4-7E96-4C69-8C81-31E7CAB3EBB8}.Release|Any CPU.ActiveCfg = Release|Any CPU
		{8CCF15F4-7E96-4C69-8C81-31E7CAB3EBB8}.Release|Any CPU.Build.0 = Release|Any CPU
		{39907B36-E2D2-4454-B2B8-F4BDE23CA6FD}.Debug|Any CPU.ActiveCfg = Debug|Any CPU
		{39907B36-E2D2-4454-B2B8-F4BDE23CA6FD}.Debug|Any CPU.Build.0 = Debug|Any CPU
		{39907B36-E2D2-4454-B2B8-F4BDE23CA6FD}.Release|Any CPU.ActiveCfg = Release|Any CPU
		{39907B36-E2D2-4454-B2B8-F4BDE23CA6FD}.Release|Any CPU.Build.0 = Release|Any CPU
	EndGlobalSection
	GlobalSection(SolutionProperties) = preSolution
		HideSolutionNode = FALSE
	EndGlobalSection
	GlobalSection(ExtensibilityGlobals) = postSolution
		SolutionGuid = {E007B5E3-F6CB-442E-B900-7FB2D50FCF62}
	EndGlobalSection
EndGlobal
